
Microsoft Visual Studio Solution File, Format Version 12.00
# Visual Studio 15
VisualStudioVersion = 15.0.28010.2041
MinimumVisualStudioVersion = 10.0.40219.1
Project("{9A19103F-16F7-4668-BE54-9A1E7A4F7556}") = "NetCoreTestApp", "NetCoreTestApp\NetCoreTestApp.csproj", "{D5F5028F-05FA-4E69-B2B6-F63DA721154D}"
EndProject
Project("{FAE04EC0-301F-11D3-BF4B-00C04F79EFBC}") = "NetCoreTestApp.Tests", "NetCoreTestApp.Tests\NetCoreTestApp.Tests.csproj", "{F9D570C6-C6AE-4119-9067-997A97ECD50B}"
EndProject
Global
	GlobalSection(SolutionConfigurationPlatforms) = preSolution
		Debug|Any CPU = Debug|Any CPU
		Release|Any CPU = Release|Any CPU
	EndGlobalSection
	GlobalSection(ProjectConfigurationPlatforms) = postSolution
		{D5F5028F-05FA-4E69-B2B6-F63DA721154D}.Debug|Any CPU.ActiveCfg = Debug|Any CPU
		{D5F5028F-05FA-4E69-B2B6-F63DA721154D}.Debug|Any CPU.Build.0 = Debug|Any CPU
		{D5F5028F-05FA-4E69-B2B6-F63DA721154D}.Release|Any CPU.ActiveCfg = Release|Any CPU
		{D5F5028F-05FA-4E69-B2B6-F63DA721154D}.Release|Any CPU.Build.0 = Release|Any CPU
		{F9D570C6-C6AE-4119-9067-997A97ECD50B}.Debug|Any CPU.ActiveCfg = Debug|Any CPU
		{F9D570C6-C6AE-4119-9067-997A97ECD50B}.Debug|Any CPU.Build.0 = Debug|Any CPU
		{F9D570C6-C6AE-4119-9067-997A97ECD50B}.Release|Any CPU.ActiveCfg = Release|Any CPU
		{F9D570C6-C6AE-4119-9067-997A97ECD50B}.Release|Any CPU.Build.0 = Release|Any CPU
	EndGlobalSection
	GlobalSection(SolutionProperties) = preSolution
		HideSolutionNode = FALSE
	EndGlobalSection
	GlobalSection(ExtensibilityGlobals) = postSolution
		SolutionGuid = {FA96DD0E-235A-4ACF-9883-1F46A9F541BA}
	EndGlobalSection
EndGlobal
